
Microsoft Visual Studio Solution File, Format Version 12.00
# Visual Studio Version 16
VisualStudioVersion = 16.0.29009.5
MinimumVisualStudioVersion = 10.0.40219.1
Project("{D954291E-2A0B-460D-934E-DC6B0785DB48}") = "UnoTemplate.Shared", "UnoTemplate\UnoTemplate.Shared\UnoTemplate.Shared.shproj", "{6279C845-92F8-4333-AB99-3D213163593C}"
EndProject
Project("{FAE04EC0-301F-11D3-BF4B-00C04F79EFBC}") = "UnoTemplate.Droid", "UnoTemplate\UnoTemplate.Droid\UnoTemplate.Droid.csproj", "{6B3E746F-6B60-4932-A68E-18AFE65E428F}"
EndProject
Project("{FAE04EC0-301F-11D3-BF4B-00C04F79EFBC}") = "UnoTemplate.iOS", "UnoTemplate\UnoTemplate.iOS\UnoTemplate.iOS.csproj", "{48E0B4C1-F2FA-422F-8213-4AA85567C5B8}"
EndProject
Project("{FAE04EC0-301F-11D3-BF4B-00C04F79EFBC}") = "UnoTemplate.UWP", "UnoTemplate\UnoTemplate.UWP\UnoTemplate.UWP.csproj", "{879E00A4-297C-4CB5-BEE1-56EF3E880332}"
EndProject
Project("{FAE04EC0-301F-11D3-BF4B-00C04F79EFBC}") = "UnoTemplate.Wasm", "UnoTemplate\UnoTemplate.Wasm\UnoTemplate.Wasm.csproj", "{FBE96DE3-FCC6-4A56-9103-78AB427C8C73}"
EndProject
Project("{2150E333-8FDC-42A3-9474-1A3956D46DE8}") = "Client", "Client", "{4D6BDF2D-2D3B-4811-BA87-9F83503E935A}"
EndProject
Project("{2150E333-8FDC-42A3-9474-1A3956D46DE8}") = "Server", "Server", "{AFDCE00A-7454-4774-AB79-44D08EC151EE}"
EndProject
Project("{2150E333-8FDC-42A3-9474-1A3956D46DE8}") = "Common", "Common", "{28E16C0B-8D17-4C77-838A-C095EC30A16B}"
EndProject
Project("{D954291E-2A0B-460D-934E-DC6B0785DB48}") = "UnoTemplate.Entities", "Entities\UnoTemplate.Entities.shproj", "{A60FFDE4-7F98-461B-B65B-3DA2541F4B62}"
EndProject
Project("{FAE04EC0-301F-11D3-BF4B-00C04F79EFBC}") = "UnoTemplate.Api", "UnoTemplate.Api\UnoTemplate.Api.csproj", "{2BBF586A-A930-4B78-B513-3E918B423757}"
EndProject
Global
	GlobalSection(SharedMSBuildProjectFiles) = preSolution
		Entities\Entities.projitems*{48e0b4c1-f2fa-422f-8213-4aa85567c5b8}*SharedItemsImports = 4
		UnoTemplate\UnoTemplate.Shared\UnoTemplate.Shared.projitems*{48e0b4c1-f2fa-422f-8213-4aa85567c5b8}*SharedItemsImports = 4
		UnoTemplate\UnoTemplate.Shared\UnoTemplate.Shared.projitems*{6279c845-92f8-4333-ab99-3d213163593c}*SharedItemsImports = 13
		Entities\Entities.projitems*{6b3e746f-6b60-4932-a68e-18afe65e428f}*SharedItemsImports = 4
		UnoTemplate\UnoTemplate.Shared\UnoTemplate.Shared.projitems*{6b3e746f-6b60-4932-a68e-18afe65e428f}*SharedItemsImports = 4
		Entities\Entities.projitems*{879e00a4-297c-4cb5-bee1-56ef3e880332}*SharedItemsImports = 4
		UnoTemplate\UnoTemplate.Shared\UnoTemplate.Shared.projitems*{879e00a4-297c-4cb5-bee1-56ef3e880332}*SharedItemsImports = 4
		Entities\Entities.projitems*{a60ffde4-7f98-461b-b65b-3da2541f4b62}*SharedItemsImports = 13
	EndGlobalSection
	GlobalSection(SolutionConfigurationPlatforms) = preSolution
		Ad-Hoc|Any CPU = Ad-Hoc|Any CPU
		Ad-Hoc|ARM = Ad-Hoc|ARM
		Ad-Hoc|iPhone = Ad-Hoc|iPhone
		Ad-Hoc|iPhoneSimulator = Ad-Hoc|iPhoneSimulator
		Ad-Hoc|x64 = Ad-Hoc|x64
		Ad-Hoc|x86 = Ad-Hoc|x86
		AppStore|Any CPU = AppStore|Any CPU
		AppStore|ARM = AppStore|ARM
		AppStore|iPhone = AppStore|iPhone
		AppStore|iPhoneSimulator = AppStore|iPhoneSimulator
		AppStore|x64 = AppStore|x64
		AppStore|x86 = AppStore|x86
		Debug|Any CPU = Debug|Any CPU
		Debug|ARM = Debug|ARM
		Debug|iPhone = Debug|iPhone
		Debug|iPhoneSimulator = Debug|iPhoneSimulator
		Debug|x64 = Debug|x64
		Debug|x86 = Debug|x86
		Release|Any CPU = Release|Any CPU
		Release|ARM = Release|ARM
		Release|iPhone = Release|iPhone
		Release|iPhoneSimulator = Release|iPhoneSimulator
		Release|x64 = Release|x64
		Release|x86 = Release|x86
	EndGlobalSection
	GlobalSection(ProjectConfigurationPlatforms) = postSolution
		{6B3E746F-6B60-4932-A68E-18AFE65E428F}.Ad-Hoc|Any CPU.ActiveCfg = Release|Any CPU
		{6B3E746F-6B60-4932-A68E-18AFE65E428F}.Ad-Hoc|Any CPU.Build.0 = Release|Any CPU
		{6B3E746F-6B60-4932-A68E-18AFE65E428F}.Ad-Hoc|Any CPU.Deploy.0 = Release|Any CPU
		{6B3E746F-6B60-4932-A68E-18AFE65E428F}.Ad-Hoc|ARM.ActiveCfg = Release|Any CPU
		{6B3E746F-6B60-4932-A68E-18AFE65E428F}.Ad-Hoc|ARM.Build.0 = Release|Any CPU
		{6B3E746F-6B60-4932-A68E-18AFE65E428F}.Ad-Hoc|ARM.Deploy.0 = Release|Any CPU
		{6B3E746F-6B60-4932-A68E-18AFE65E428F}.Ad-Hoc|iPhone.ActiveCfg = Release|Any CPU
		{6B3E746F-6B60-4932-A68E-18AFE65E428F}.Ad-Hoc|iPhone.Build.0 = Release|Any CPU
		{6B3E746F-6B60-4932-A68E-18AFE65E428F}.Ad-Hoc|iPhone.Deploy.0 = Release|Any CPU
		{6B3E746F-6B60-4932-A68E-18AFE65E428F}.Ad-Hoc|iPhoneSimulator.ActiveCfg = Release|Any CPU
		{6B3E746F-6B60-4932-A68E-18AFE65E428F}.Ad-Hoc|iPhoneSimulator.Build.0 = Release|Any CPU
		{6B3E746F-6B60-4932-A68E-18AFE65E428F}.Ad-Hoc|iPhoneSimulator.Deploy.0 = Release|Any CPU
		{6B3E746F-6B60-4932-A68E-18AFE65E428F}.Ad-Hoc|x64.ActiveCfg = Release|Any CPU
		{6B3E746F-6B60-4932-A68E-18AFE65E428F}.Ad-Hoc|x64.Build.0 = Release|Any CPU
		{6B3E746F-6B60-4932-A68E-18AFE65E428F}.Ad-Hoc|x64.Deploy.0 = Release|Any CPU
		{6B3E746F-6B60-4932-A68E-18AFE65E428F}.Ad-Hoc|x86.ActiveCfg = Release|Any CPU
		{6B3E746F-6B60-4932-A68E-18AFE65E428F}.Ad-Hoc|x86.Build.0 = Release|Any CPU
		{6B3E746F-6B60-4932-A68E-18AFE65E428F}.Ad-Hoc|x86.Deploy.0 = Release|Any CPU
		{6B3E746F-6B60-4932-A68E-18AFE65E428F}.AppStore|Any CPU.ActiveCfg = Release|Any CPU
		{6B3E746F-6B60-4932-A68E-18AFE65E428F}.AppStore|Any CPU.Build.0 = Release|Any CPU
		{6B3E746F-6B60-4932-A68E-18AFE65E428F}.AppStore|Any CPU.Deploy.0 = Release|Any CPU
		{6B3E746F-6B60-4932-A68E-18AFE65E428F}.AppStore|ARM.ActiveCfg = Release|Any CPU
		{6B3E746F-6B60-4932-A68E-18AFE65E428F}.AppStore|ARM.Build.0 = Release|Any CPU
		{6B3E746F-6B60-4932-A68E-18AFE65E428F}.AppStore|ARM.Deploy.0 = Release|Any CPU
		{6B3E746F-6B60-4932-A68E-18AFE65E428F}.AppStore|iPhone.ActiveCfg = Release|Any CPU
		{6B3E746F-6B60-4932-A68E-18AFE65E428F}.AppStore|iPhone.Build.0 = Release|Any CPU
		{6B3E746F-6B60-4932-A68E-18AFE65E428F}.AppStore|iPhone.Deploy.0 = Release|Any CPU
		{6B3E746F-6B60-4932-A68E-18AFE65E428F}.AppStore|iPhoneSimulator.ActiveCfg = Release|Any CPU
		{6B3E746F-6B60-4932-A68E-18AFE65E428F}.AppStore|iPhoneSimulator.Build.0 = Release|Any CPU
		{6B3E746F-6B60-4932-A68E-18AFE65E428F}.AppStore|iPhoneSimulator.Deploy.0 = Release|Any CPU
		{6B3E746F-6B60-4932-A68E-18AFE65E428F}.AppStore|x64.ActiveCfg = Release|Any CPU
		{6B3E746F-6B60-4932-A68E-18AFE65E428F}.AppStore|x64.Build.0 = Release|Any CPU
		{6B3E746F-6B60-4932-A68E-18AFE65E428F}.AppStore|x64.Deploy.0 = Release|Any CPU
		{6B3E746F-6B60-4932-A68E-18AFE65E428F}.AppStore|x86.ActiveCfg = Release|Any CPU
		{6B3E746F-6B60-4932-A68E-18AFE65E428F}.AppStore|x86.Build.0 = Release|Any CPU
		{6B3E746F-6B60-4932-A68E-18AFE65E428F}.AppStore|x86.Deploy.0 = Release|Any CPU
		{6B3E746F-6B60-4932-A68E-18AFE65E428F}.Debug|Any CPU.ActiveCfg = Debug|Any CPU
		{6B3E746F-6B60-4932-A68E-18AFE65E428F}.Debug|Any CPU.Build.0 = Debug|Any CPU
		{6B3E746F-6B60-4932-A68E-18AFE65E428F}.Debug|Any CPU.Deploy.0 = Debug|Any CPU
		{6B3E746F-6B60-4932-A68E-18AFE65E428F}.Debug|ARM.ActiveCfg = Debug|Any CPU
		{6B3E746F-6B60-4932-A68E-18AFE65E428F}.Debug|ARM.Build.0 = Debug|Any CPU
		{6B3E746F-6B60-4932-A68E-18AFE65E428F}.Debug|ARM.Deploy.0 = Debug|Any CPU
		{6B3E746F-6B60-4932-A68E-18AFE65E428F}.Debug|iPhone.ActiveCfg = Debug|Any CPU
		{6B3E746F-6B60-4932-A68E-18AFE65E428F}.Debug|iPhone.Build.0 = Debug|Any CPU
		{6B3E746F-6B60-4932-A68E-18AFE65E428F}.Debug|iPhone.Deploy.0 = Debug|Any CPU
		{6B3E746F-6B60-4932-A68E-18AFE65E428F}.Debug|iPhoneSimulator.ActiveCfg = Debug|Any CPU
		{6B3E746F-6B60-4932-A68E-18AFE65E428F}.Debug|iPhoneSimulator.Build.0 = Debug|Any CPU
		{6B3E746F-6B60-4932-A68E-18AFE65E428F}.Debug|iPhoneSimulator.Deploy.0 = Debug|Any CPU
		{6B3E746F-6B60-4932-A68E-18AFE65E428F}.Debug|x64.ActiveCfg = Debug|Any CPU
		{6B3E746F-6B60-4932-A68E-18AFE65E428F}.Debug|x64.Build.0 = Debug|Any CPU
		{6B3E746F-6B60-4932-A68E-18AFE65E428F}.Debug|x64.Deploy.0 = Debug|Any CPU
		{6B3E746F-6B60-4932-A68E-18AFE65E428F}.Debug|x86.ActiveCfg = Debug|Any CPU
		{6B3E746F-6B60-4932-A68E-18AFE65E428F}.Debug|x86.Build.0 = Debug|Any CPU
		{6B3E746F-6B60-4932-A68E-18AFE65E428F}.Debug|x86.Deploy.0 = Debug|Any CPU
		{6B3E746F-6B60-4932-A68E-18AFE65E428F}.Release|Any CPU.ActiveCfg = Release|Any CPU
		{6B3E746F-6B60-4932-A68E-18AFE65E428F}.Release|Any CPU.Build.0 = Release|Any CPU
		{6B3E746F-6B60-4932-A68E-18AFE65E428F}.Release|Any CPU.Deploy.0 = Release|Any CPU
		{6B3E746F-6B60-4932-A68E-18AFE65E428F}.Release|ARM.ActiveCfg = Release|Any CPU
		{6B3E746F-6B60-4932-A68E-18AFE65E428F}.Release|ARM.Build.0 = Release|Any CPU
		{6B3E746F-6B60-4932-A68E-18AFE65E428F}.Release|ARM.Deploy.0 = Release|Any CPU
		{6B3E746F-6B60-4932-A68E-18AFE65E428F}.Release|iPhone.ActiveCfg = Release|Any CPU
		{6B3E746F-6B60-4932-A68E-18AFE65E428F}.Release|iPhone.Build.0 = Release|Any CPU
		{6B3E746F-6B60-4932-A68E-18AFE65E428F}.Release|iPhone.Deploy.0 = Release|Any CPU
		{6B3E746F-6B60-4932-A68E-18AFE65E428F}.Release|iPhoneSimulator.ActiveCfg = Release|Any CPU
		{6B3E746F-6B60-4932-A68E-18AFE65E428F}.Release|iPhoneSimulator.Build.0 = Release|Any CPU
		{6B3E746F-6B60-4932-A68E-18AFE65E428F}.Release|iPhoneSimulator.Deploy.0 = Release|Any CPU
		{6B3E746F-6B60-4932-A68E-18AFE65E428F}.Release|x64.ActiveCfg = Release|Any CPU
		{6B3E746F-6B60-4932-A68E-18AFE65E428F}.Release|x64.Build.0 = Release|Any CPU
		{6B3E746F-6B60-4932-A68E-18AFE65E428F}.Release|x64.Deploy.0 = Release|Any CPU
		{6B3E746F-6B60-4932-A68E-18AFE65E428F}.Release|x86.ActiveCfg = Release|Any CPU
		{6B3E746F-6B60-4932-A68E-18AFE65E428F}.Release|x86.Build.0 = Release|Any CPU
		{6B3E746F-6B60-4932-A68E-18AFE65E428F}.Release|x86.Deploy.0 = Release|Any CPU
		{48E0B4C1-F2FA-422F-8213-4AA85567C5B8}.Ad-Hoc|Any CPU.ActiveCfg = Ad-Hoc|iPhone
		{48E0B4C1-F2FA-422F-8213-4AA85567C5B8}.Ad-Hoc|ARM.ActiveCfg = Ad-Hoc|iPhone
		{48E0B4C1-F2FA-422F-8213-4AA85567C5B8}.Ad-Hoc|iPhone.ActiveCfg = Ad-Hoc|iPhone
		{48E0B4C1-F2FA-422F-8213-4AA85567C5B8}.Ad-Hoc|iPhone.Build.0 = Ad-Hoc|iPhone
		{48E0B4C1-F2FA-422F-8213-4AA85567C5B8}.Ad-Hoc|iPhoneSimulator.ActiveCfg = Ad-Hoc|iPhoneSimulator
		{48E0B4C1-F2FA-422F-8213-4AA85567C5B8}.Ad-Hoc|iPhoneSimulator.Build.0 = Ad-Hoc|iPhoneSimulator
		{48E0B4C1-F2FA-422F-8213-4AA85567C5B8}.Ad-Hoc|x64.ActiveCfg = Ad-Hoc|iPhone
		{48E0B4C1-F2FA-422F-8213-4AA85567C5B8}.Ad-Hoc|x86.ActiveCfg = Ad-Hoc|iPhone
		{48E0B4C1-F2FA-422F-8213-4AA85567C5B8}.AppStore|Any CPU.ActiveCfg = AppStore|iPhone
		{48E0B4C1-F2FA-422F-8213-4AA85567C5B8}.AppStore|ARM.ActiveCfg = AppStore|iPhone
		{48E0B4C1-F2FA-422F-8213-4AA85567C5B8}.AppStore|iPhone.ActiveCfg = AppStore|iPhone
		{48E0B4C1-F2FA-422F-8213-4AA85567C5B8}.AppStore|iPhone.Build.0 = AppStore|iPhone
		{48E0B4C1-F2FA-422F-8213-4AA85567C5B8}.AppStore|iPhoneSimulator.ActiveCfg = AppStore|iPhoneSimulator
		{48E0B4C1-F2FA-422F-8213-4AA85567C5B8}.AppStore|iPhoneSimulator.Build.0 = AppStore|iPhoneSimulator
		{48E0B4C1-F2FA-422F-8213-4AA85567C5B8}.AppStore|x64.ActiveCfg = AppStore|iPhone
		{48E0B4C1-F2FA-422F-8213-4AA85567C5B8}.AppStore|x86.ActiveCfg = AppStore|iPhone
		{48E0B4C1-F2FA-422F-8213-4AA85567C5B8}.Debug|Any CPU.ActiveCfg = Debug|iPhone
		{48E0B4C1-F2FA-422F-8213-4AA85567C5B8}.Debug|ARM.ActiveCfg = Debug|iPhone
		{48E0B4C1-F2FA-422F-8213-4AA85567C5B8}.Debug|iPhone.ActiveCfg = Debug|iPhone
		{48E0B4C1-F2FA-422F-8213-4AA85567C5B8}.Debug|iPhone.Build.0 = Debug|iPhone
		{48E0B4C1-F2FA-422F-8213-4AA85567C5B8}.Debug|iPhoneSimulator.ActiveCfg = Debug|iPhoneSimulator
		{48E0B4C1-F2FA-422F-8213-4AA85567C5B8}.Debug|iPhoneSimulator.Build.0 = Debug|iPhoneSimulator
		{48E0B4C1-F2FA-422F-8213-4AA85567C5B8}.Debug|x64.ActiveCfg = Debug|iPhone
		{48E0B4C1-F2FA-422F-8213-4AA85567C5B8}.Debug|x86.ActiveCfg = Debug|iPhone
		{48E0B4C1-F2FA-422F-8213-4AA85567C5B8}.Release|Any CPU.ActiveCfg = Release|iPhone
		{48E0B4C1-F2FA-422F-8213-4AA85567C5B8}.Release|ARM.ActiveCfg = Release|iPhone
		{48E0B4C1-F2FA-422F-8213-4AA85567C5B8}.Release|iPhone.ActiveCfg = Release|iPhone
		{48E0B4C1-F2FA-422F-8213-4AA85567C5B8}.Release|iPhone.Build.0 = Release|iPhone
		{48E0B4C1-F2FA-422F-8213-4AA85567C5B8}.Release|iPhoneSimulator.ActiveCfg = Release|iPhoneSimulator
		{48E0B4C1-F2FA-422F-8213-4AA85567C5B8}.Release|iPhoneSimulator.Build.0 = Release|iPhoneSimulator
		{48E0B4C1-F2FA-422F-8213-4AA85567C5B8}.Release|x64.ActiveCfg = Release|iPhone
		{48E0B4C1-F2FA-422F-8213-4AA85567C5B8}.Release|x86.ActiveCfg = Release|iPhone
		{879E00A4-297C-4CB5-BEE1-56EF3E880332}.Ad-Hoc|Any CPU.ActiveCfg = Release|x64
		{879E00A4-297C-4CB5-BEE1-56EF3E880332}.Ad-Hoc|Any CPU.Build.0 = Release|x64
		{879E00A4-297C-4CB5-BEE1-56EF3E880332}.Ad-Hoc|Any CPU.Deploy.0 = Release|x64
		{879E00A4-297C-4CB5-BEE1-56EF3E880332}.Ad-Hoc|ARM.ActiveCfg = Release|ARM
		{879E00A4-297C-4CB5-BEE1-56EF3E880332}.Ad-Hoc|ARM.Build.0 = Release|ARM
		{879E00A4-297C-4CB5-BEE1-56EF3E880332}.Ad-Hoc|ARM.Deploy.0 = Release|ARM
		{879E00A4-297C-4CB5-BEE1-56EF3E880332}.Ad-Hoc|iPhone.ActiveCfg = Release|x64
		{879E00A4-297C-4CB5-BEE1-56EF3E880332}.Ad-Hoc|iPhone.Build.0 = Release|x64
		{879E00A4-297C-4CB5-BEE1-56EF3E880332}.Ad-Hoc|iPhone.Deploy.0 = Release|x64
		{879E00A4-297C-4CB5-BEE1-56EF3E880332}.Ad-Hoc|iPhoneSimulator.ActiveCfg = Release|x64
		{879E00A4-297C-4CB5-BEE1-56EF3E880332}.Ad-Hoc|iPhoneSimulator.Build.0 = Release|x64
		{879E00A4-297C-4CB5-BEE1-56EF3E880332}.Ad-Hoc|iPhoneSimulator.Deploy.0 = Release|x64
		{879E00A4-297C-4CB5-BEE1-56EF3E880332}.Ad-Hoc|x64.ActiveCfg = Release|x64
		{879E00A4-297C-4CB5-BEE1-56EF3E880332}.Ad-Hoc|x64.Build.0 = Release|x64
		{879E00A4-297C-4CB5-BEE1-56EF3E880332}.Ad-Hoc|x64.Deploy.0 = Release|x64
		{879E00A4-297C-4CB5-BEE1-56EF3E880332}.Ad-Hoc|x86.ActiveCfg = Release|x86
		{879E00A4-297C-4CB5-BEE1-56EF3E880332}.Ad-Hoc|x86.Build.0 = Release|x86
		{879E00A4-297C-4CB5-BEE1-56EF3E880332}.Ad-Hoc|x86.Deploy.0 = Release|x86
		{879E00A4-297C-4CB5-BEE1-56EF3E880332}.AppStore|Any CPU.ActiveCfg = Release|x64
		{879E00A4-297C-4CB5-BEE1-56EF3E880332}.AppStore|Any CPU.Build.0 = Release|x64
		{879E00A4-297C-4CB5-BEE1-56EF3E880332}.AppStore|Any CPU.Deploy.0 = Release|x64
		{879E00A4-297C-4CB5-BEE1-56EF3E880332}.AppStore|ARM.ActiveCfg = Release|ARM
		{879E00A4-297C-4CB5-BEE1-56EF3E880332}.AppStore|ARM.Build.0 = Release|ARM
		{879E00A4-297C-4CB5-BEE1-56EF3E880332}.AppStore|ARM.Deploy.0 = Release|ARM
		{879E00A4-297C-4CB5-BEE1-56EF3E880332}.AppStore|iPhone.ActiveCfg = Release|x64
		{879E00A4-297C-4CB5-BEE1-56EF3E880332}.AppStore|iPhone.Build.0 = Release|x64
		{879E00A4-297C-4CB5-BEE1-56EF3E880332}.AppStore|iPhone.Deploy.0 = Release|x64
		{879E00A4-297C-4CB5-BEE1-56EF3E880332}.AppStore|iPhoneSimulator.ActiveCfg = Release|x64
		{879E00A4-297C-4CB5-BEE1-56EF3E880332}.AppStore|iPhoneSimulator.Build.0 = Release|x64
		{879E00A4-297C-4CB5-BEE1-56EF3E880332}.AppStore|iPhoneSimulator.Deploy.0 = Release|x64
		{879E00A4-297C-4CB5-BEE1-56EF3E880332}.AppStore|x64.ActiveCfg = Release|x64
		{879E00A4-297C-4CB5-BEE1-56EF3E880332}.AppStore|x64.Build.0 = Release|x64
		{879E00A4-297C-4CB5-BEE1-56EF3E880332}.AppStore|x64.Deploy.0 = Release|x64
		{879E00A4-297C-4CB5-BEE1-56EF3E880332}.AppStore|x86.ActiveCfg = Release|x86
		{879E00A4-297C-4CB5-BEE1-56EF3E880332}.AppStore|x86.Build.0 = Release|x86
		{879E00A4-297C-4CB5-BEE1-56EF3E880332}.AppStore|x86.Deploy.0 = Release|x86
		{879E00A4-297C-4CB5-BEE1-56EF3E880332}.Debug|Any CPU.ActiveCfg = Debug|x86
		{879E00A4-297C-4CB5-BEE1-56EF3E880332}.Debug|ARM.ActiveCfg = Debug|ARM
		{879E00A4-297C-4CB5-BEE1-56EF3E880332}.Debug|ARM.Build.0 = Debug|ARM
		{879E00A4-297C-4CB5-BEE1-56EF3E880332}.Debug|ARM.Deploy.0 = Debug|ARM
		{879E00A4-297C-4CB5-BEE1-56EF3E880332}.Debug|iPhone.ActiveCfg = Debug|x86
		{879E00A4-297C-4CB5-BEE1-56EF3E880332}.Debug|iPhoneSimulator.ActiveCfg = Debug|x86
		{879E00A4-297C-4CB5-BEE1-56EF3E880332}.Debug|x64.ActiveCfg = Debug|x64
		{879E00A4-297C-4CB5-BEE1-56EF3E880332}.Debug|x64.Build.0 = Debug|x64
		{879E00A4-297C-4CB5-BEE1-56EF3E880332}.Debug|x64.Deploy.0 = Debug|x64
		{879E00A4-297C-4CB5-BEE1-56EF3E880332}.Debug|x86.ActiveCfg = Debug|x86
		{879E00A4-297C-4CB5-BEE1-56EF3E880332}.Debug|x86.Build.0 = Debug|x86
		{879E00A4-297C-4CB5-BEE1-56EF3E880332}.Debug|x86.Deploy.0 = Debug|x86
		{879E00A4-297C-4CB5-BEE1-56EF3E880332}.Release|Any CPU.ActiveCfg = Release|x86
		{879E00A4-297C-4CB5-BEE1-56EF3E880332}.Release|ARM.ActiveCfg = Release|ARM
		{879E00A4-297C-4CB5-BEE1-56EF3E880332}.Release|ARM.Build.0 = Release|ARM
		{879E00A4-297C-4CB5-BEE1-56EF3E880332}.Release|ARM.Deploy.0 = Release|ARM
		{879E00A4-297C-4CB5-BEE1-56EF3E880332}.Release|iPhone.ActiveCfg = Release|x86
		{879E00A4-297C-4CB5-BEE1-56EF3E880332}.Release|iPhoneSimulator.ActiveCfg = Release|x86
		{879E00A4-297C-4CB5-BEE1-56EF3E880332}.Release|x64.ActiveCfg = Release|x64
		{879E00A4-297C-4CB5-BEE1-56EF3E880332}.Release|x64.Build.0 = Release|x64
		{879E00A4-297C-4CB5-BEE1-56EF3E880332}.Release|x64.Deploy.0 = Release|x64
		{879E00A4-297C-4CB5-BEE1-56EF3E880332}.Release|x86.ActiveCfg = Release|x86
		{879E00A4-297C-4CB5-BEE1-56EF3E880332}.Release|x86.Build.0 = Release|x86
		{879E00A4-297C-4CB5-BEE1-56EF3E880332}.Release|x86.Deploy.0 = Release|x86
		{FBE96DE3-FCC6-4A56-9103-78AB427C8C73}.Ad-Hoc|Any CPU.ActiveCfg = Debug|Any CPU
		{FBE96DE3-FCC6-4A56-9103-78AB427C8C73}.Ad-Hoc|Any CPU.Build.0 = Debug|Any CPU
		{FBE96DE3-FCC6-4A56-9103-78AB427C8C73}.Ad-Hoc|ARM.ActiveCfg = Debug|Any CPU
		{FBE96DE3-FCC6-4A56-9103-78AB427C8C73}.Ad-Hoc|ARM.Build.0 = Debug|Any CPU
		{FBE96DE3-FCC6-4A56-9103-78AB427C8C73}.Ad-Hoc|iPhone.ActiveCfg = Debug|Any CPU
		{FBE96DE3-FCC6-4A56-9103-78AB427C8C73}.Ad-Hoc|iPhone.Build.0 = Debug|Any CPU
		{FBE96DE3-FCC6-4A56-9103-78AB427C8C73}.Ad-Hoc|iPhoneSimulator.ActiveCfg = Debug|Any CPU
		{FBE96DE3-FCC6-4A56-9103-78AB427C8C73}.Ad-Hoc|iPhoneSimulator.Build.0 = Debug|Any CPU
		{FBE96DE3-FCC6-4A56-9103-78AB427C8C73}.Ad-Hoc|x64.ActiveCfg = Debug|Any CPU
		{FBE96DE3-FCC6-4A56-9103-78AB427C8C73}.Ad-Hoc|x64.Build.0 = Debug|Any CPU
		{FBE96DE3-FCC6-4A56-9103-78AB427C8C73}.Ad-Hoc|x86.ActiveCfg = Debug|Any CPU
		{FBE96DE3-FCC6-4A56-9103-78AB427C8C73}.Ad-Hoc|x86.Build.0 = Debug|Any CPU
		{FBE96DE3-FCC6-4A56-9103-78AB427C8C73}.AppStore|Any CPU.ActiveCfg = Debug|Any CPU
		{FBE96DE3-FCC6-4A56-9103-78AB427C8C73}.AppStore|Any CPU.Build.0 = Debug|Any CPU
		{FBE96DE3-FCC6-4A56-9103-78AB427C8C73}.AppStore|ARM.ActiveCfg = Debug|Any CPU
		{FBE96DE3-FCC6-4A56-9103-78AB427C8C73}.AppStore|ARM.Build.0 = Debug|Any CPU
		{FBE96DE3-FCC6-4A56-9103-78AB427C8C73}.AppStore|iPhone.ActiveCfg = Debug|Any CPU
		{FBE96DE3-FCC6-4A56-9103-78AB427C8C73}.AppStore|iPhone.Build.0 = Debug|Any CPU
		{FBE96DE3-FCC6-4A56-9103-78AB427C8C73}.AppStore|iPhoneSimulator.ActiveCfg = Debug|Any CPU
		{FBE96DE3-FCC6-4A56-9103-78AB427C8C73}.AppStore|iPhoneSimulator.Build.0 = Debug|Any CPU
		{FBE96DE3-FCC6-4A56-9103-78AB427C8C73}.AppStore|x64.ActiveCfg = Debug|Any CPU
		{FBE96DE3-FCC6-4A56-9103-78AB427C8C73}.AppStore|x64.Build.0 = Debug|Any CPU
		{FBE96DE3-FCC6-4A56-9103-78AB427C8C73}.AppStore|x86.ActiveCfg = Debug|Any CPU
		{FBE96DE3-FCC6-4A56-9103-78AB427C8C73}.AppStore|x86.Build.0 = Debug|Any CPU
		{FBE96DE3-FCC6-4A56-9103-78AB427C8C73}.Debug|Any CPU.ActiveCfg = Debug|Any CPU
		{FBE96DE3-FCC6-4A56-9103-78AB427C8C73}.Debug|Any CPU.Build.0 = Debug|Any CPU
		{FBE96DE3-FCC6-4A56-9103-78AB427C8C73}.Debug|ARM.ActiveCfg = Debug|Any CPU
		{FBE96DE3-FCC6-4A56-9103-78AB427C8C73}.Debug|ARM.Build.0 = Debug|Any CPU
		{FBE96DE3-FCC6-4A56-9103-78AB427C8C73}.Debug|iPhone.ActiveCfg = Debug|Any CPU
		{FBE96DE3-FCC6-4A56-9103-78AB427C8C73}.Debug|iPhone.Build.0 = Debug|Any CPU
		{FBE96DE3-FCC6-4A56-9103-78AB427C8C73}.Debug|iPhoneSimulator.ActiveCfg = Debug|Any CPU
		{FBE96DE3-FCC6-4A56-9103-78AB427C8C73}.Debug|iPhoneSimulator.Build.0 = Debug|Any CPU
		{FBE96DE3-FCC6-4A56-9103-78AB427C8C73}.Debug|x64.ActiveCfg = Debug|Any CPU
		{FBE96DE3-FCC6-4A56-9103-78AB427C8C73}.Debug|x64.Build.0 = Debug|Any CPU
		{FBE96DE3-FCC6-4A56-9103-78AB427C8C73}.Debug|x86.ActiveCfg = Debug|Any CPU
		{FBE96DE3-FCC6-4A56-9103-78AB427C8C73}.Debug|x86.Build.0 = Debug|Any CPU
		{FBE96DE3-FCC6-4A56-9103-78AB427C8C73}.Release|Any CPU.ActiveCfg = Release|Any CPU
		{FBE96DE3-FCC6-4A56-9103-78AB427C8C73}.Release|Any CPU.Build.0 = Release|Any CPU
		{FBE96DE3-FCC6-4A56-9103-78AB427C8C73}.Release|ARM.ActiveCfg = Release|Any CPU
		{FBE96DE3-FCC6-4A56-9103-78AB427C8C73}.Release|ARM.Build.0 = Release|Any CPU
		{FBE96DE3-FCC6-4A56-9103-78AB427C8C73}.Release|iPhone.ActiveCfg = Release|Any CPU
		{FBE96DE3-FCC6-4A56-9103-78AB427C8C73}.Release|iPhone.Build.0 = Release|Any CPU
		{FBE96DE3-FCC6-4A56-9103-78AB427C8C73}.Release|iPhoneSimulator.ActiveCfg = Release|Any CPU
		{FBE96DE3-FCC6-4A56-9103-78AB427C8C73}.Release|iPhoneSimulator.Build.0 = Release|Any CPU
		{FBE96DE3-FCC6-4A56-9103-78AB427C8C73}.Release|x64.ActiveCfg = Release|Any CPU
		{FBE96DE3-FCC6-4A56-9103-78AB427C8C73}.Release|x64.Build.0 = Release|Any CPU
		{FBE96DE3-FCC6-4A56-9103-78AB427C8C73}.Release|x86.ActiveCfg = Release|Any CPU
		{FBE96DE3-FCC6-4A56-9103-78AB427C8C73}.Release|x86.Build.0 = Release|Any CPU
		{2BBF586A-A930-4B78-B513-3E918B423757}.Ad-Hoc|Any CPU.ActiveCfg = Debug|Any CPU
		{2BBF586A-A930-4B78-B513-3E918B423757}.Ad-Hoc|Any CPU.Build.0 = Debug|Any CPU
		{2BBF586A-A930-4B78-B513-3E918B423757}.Ad-Hoc|ARM.ActiveCfg = Debug|Any CPU
		{2BBF586A-A930-4B78-B513-3E918B423757}.Ad-Hoc|ARM.Build.0 = Debug|Any CPU
		{2BBF586A-A930-4B78-B513-3E918B423757}.Ad-Hoc|iPhone.ActiveCfg = Debug|Any CPU
		{2BBF586A-A930-4B78-B513-3E918B423757}.Ad-Hoc|iPhone.Build.0 = Debug|Any CPU
		{2BBF586A-A930-4B78-B513-3E918B423757}.Ad-Hoc|iPhoneSimulator.ActiveCfg = Debug|Any CPU
		{2BBF586A-A930-4B78-B513-3E918B423757}.Ad-Hoc|iPhoneSimulator.Build.0 = Debug|Any CPU
		{2BBF586A-A930-4B78-B513-3E918B423757}.Ad-Hoc|x64.ActiveCfg = Debug|Any CPU
		{2BBF586A-A930-4B78-B513-3E918B423757}.Ad-Hoc|x64.Build.0 = Debug|Any CPU
		{2BBF586A-A930-4B78-B513-3E918B423757}.Ad-Hoc|x86.ActiveCfg = Debug|Any CPU
		{2BBF586A-A930-4B78-B513-3E918B423757}.Ad-Hoc|x86.Build.0 = Debug|Any CPU
		{2BBF586A-A930-4B78-B513-3E918B423757}.AppStore|Any CPU.ActiveCfg = Debug|Any CPU
		{2BBF586A-A930-4B78-B513-3E918B423757}.AppStore|Any CPU.Build.0 = Debug|Any CPU
		{2BBF586A-A930-4B78-B513-3E918B423757}.AppStore|ARM.ActiveCfg = Debug|Any CPU
		{2BBF586A-A930-4B78-B513-3E918B423757}.AppStore|ARM.Build.0 = Debug|Any CPU
		{2BBF586A-A930-4B78-B513-3E918B423757}.AppStore|iPhone.ActiveCfg = Debug|Any CPU
		{2BBF586A-A930-4B78-B513-3E918B423757}.AppStore|iPhone.Build.0 = Debug|Any CPU
		{2BBF586A-A930-4B78-B513-3E918B423757}.AppStore|iPhoneSimulator.ActiveCfg = Debug|Any CPU
		{2BBF586A-A930-4B78-B513-3E918B423757}.AppStore|iPhoneSimulator.Build.0 = Debug|Any CPU
		{2BBF586A-A930-4B78-B513-3E918B423757}.AppStore|x64.ActiveCfg = Debug|Any CPU
		{2BBF586A-A930-4B78-B513-3E918B423757}.AppStore|x64.Build.0 = Debug|Any CPU
		{2BBF586A-A930-4B78-B513-3E918B423757}.AppStore|x86.ActiveCfg = Debug|Any CPU
		{2BBF586A-A930-4B78-B513-3E918B423757}.AppStore|x86.Build.0 = Debug|Any CPU
		{2BBF586A-A930-4B78-B513-3E918B423757}.Debug|Any CPU.ActiveCfg = Debug|Any CPU
		{2BBF586A-A930-4B78-B513-3E918B423757}.Debug|Any CPU.Build.0 = Debug|Any CPU
		{2BBF586A-A930-4B78-B513-3E918B423757}.Debug|ARM.ActiveCfg = Debug|Any CPU
		{2BBF586A-A930-4B78-B513-3E918B423757}.Debug|ARM.Build.0 = Debug|Any CPU
		{2BBF586A-A930-4B78-B513-3E918B423757}.Debug|iPhone.ActiveCfg = Debug|Any CPU
		{2BBF586A-A930-4B78-B513-3E918B423757}.Debug|iPhone.Build.0 = Debug|Any CPU
		{2BBF586A-A930-4B78-B513-3E918B423757}.Debug|iPhoneSimulator.ActiveCfg = Debug|Any CPU
		{2BBF586A-A930-4B78-B513-3E918B423757}.Debug|iPhoneSimulator.Build.0 = Debug|Any CPU
		{2BBF586A-A930-4B78-B513-3E918B423757}.Debug|x64.ActiveCfg = Debug|Any CPU
		{2BBF586A-A930-4B78-B513-3E918B423757}.Debug|x64.Build.0 = Debug|Any CPU
		{2BBF586A-A930-4B78-B513-3E918B423757}.Debug|x86.ActiveCfg = Debug|Any CPU
		{2BBF586A-A930-4B78-B513-3E918B423757}.Debug|x86.Build.0 = Debug|Any CPU
		{2BBF586A-A930-4B78-B513-3E918B423757}.Release|Any CPU.ActiveCfg = Release|Any CPU
		{2BBF586A-A930-4B78-B513-3E918B423757}.Release|Any CPU.Build.0 = Release|Any CPU
		{2BBF586A-A930-4B78-B513-3E918B423757}.Release|ARM.ActiveCfg = Release|Any CPU
		{2BBF586A-A930-4B78-B513-3E918B423757}.Release|ARM.Build.0 = Release|Any CPU
		{2BBF586A-A930-4B78-B513-3E918B423757}.Release|iPhone.ActiveCfg = Release|Any CPU
		{2BBF586A-A930-4B78-B513-3E918B423757}.Release|iPhone.Build.0 = Release|Any CPU
		{2BBF586A-A930-4B78-B513-3E918B423757}.Release|iPhoneSimulator.ActiveCfg = Release|Any CPU
		{2BBF586A-A930-4B78-B513-3E918B423757}.Release|iPhoneSimulator.Build.0 = Release|Any CPU
		{2BBF586A-A930-4B78-B513-3E918B423757}.Release|x64.ActiveCfg = Release|Any CPU
		{2BBF586A-A930-4B78-B513-3E918B423757}.Release|x64.Build.0 = Release|Any CPU
		{2BBF586A-A930-4B78-B513-3E918B423757}.Release|x86.ActiveCfg = Release|Any CPU
		{2BBF586A-A930-4B78-B513-3E918B423757}.Release|x86.Build.0 = Release|Any CPU
	EndGlobalSection
	GlobalSection(SolutionProperties) = preSolution
		HideSolutionNode = FALSE
	EndGlobalSection
	GlobalSection(NestedProjects) = preSolution
		{6279C845-92F8-4333-AB99-3D213163593C} = {4D6BDF2D-2D3B-4811-BA87-9F83503E935A}
		{6B3E746F-6B60-4932-A68E-18AFE65E428F} = {4D6BDF2D-2D3B-4811-BA87-9F83503E935A}
		{48E0B4C1-F2FA-422F-8213-4AA85567C5B8} = {4D6BDF2D-2D3B-4811-BA87-9F83503E935A}
		{879E00A4-297C-4CB5-BEE1-56EF3E880332} = {4D6BDF2D-2D3B-4811-BA87-9F83503E935A}
		{FBE96DE3-FCC6-4A56-9103-78AB427C8C73} = {4D6BDF2D-2D3B-4811-BA87-9F83503E935A}
		{A60FFDE4-7F98-461B-B65B-3DA2541F4B62} = {28E16C0B-8D17-4C77-838A-C095EC30A16B}
		{2BBF586A-A930-4B78-B513-3E918B423757} = {AFDCE00A-7454-4774-AB79-44D08EC151EE}
	EndGlobalSection
	GlobalSection(ExtensibilityGlobals) = postSolution
		SolutionGuid = {2BD52D5D-7350-4F22-A399-84AE312DB037}
	EndGlobalSection
EndGlobal
